
Microsoft Visual Studio Solution File, Format Version 12.00
# Visual Studio 15
VisualStudioVersion = 15.0.28307.852
MinimumVisualStudioVersion = 10.0.40219.1
Project("{FAE04EC0-301F-11D3-BF4B-00C04F79EFBC}") = "exercicioList", "exercicioList\exercicioList.csproj", "{CCC8317A-263E-48D9-AC1B-4FBE6272930F}"
EndProject
Global
	GlobalSection(SolutionConfigurationPlatforms) = preSolution
		Debug|Any CPU = Debug|Any CPU
		Release|Any CPU = Release|Any CPU
	EndGlobalSection
	GlobalSection(ProjectConfigurationPlatforms) = postSolution
		{CCC8317A-263E-48D9-AC1B-4FBE6272930F}.Debug|Any CPU.ActiveCfg = Debug|Any CPU
		{CCC8317A-263E-48D9-AC1B-4FBE6272930F}.Debug|Any CPU.Build.0 = Debug|Any CPU
		{CCC8317A-263E-48D9-AC1B-4FBE6272930F}.Release|Any CPU.ActiveCfg = Release|Any CPU
		{CCC8317A-263E-48D9-AC1B-4FBE6272930F}.Release|Any CPU.Build.0 = Release|Any CPU
	EndGlobalSection
	GlobalSection(SolutionProperties) = preSolution
		HideSolutionNode = FALSE
	EndGlobalSection
	GlobalSection(ExtensibilityGlobals) = postSolution
		SolutionGuid = {82545578-D8CA-49E9-BAF0-6C31ACF5FCC6}
	EndGlobalSection
EndGlobal
